{
  "version": 4,
  "terraform_version": "1.5.7",
  "serial": 38,
  "lineage": "e3034a4c-02f8-b0cb-457c-c85b1dc52c99",
  "outputs": {
    "resource_group_id": {
      "value": "/subscriptions/ba741ba7-644a-4fe0-b23f-bf5ea3b62e55/resourceGroups/MBO_RG",
      "type": "string"
    }
  },
  "resources": [
    {
      "mode": "managed",
      "type": "azurerm_resource_group",
      "name": "rg",
      "provider": "provider[\"registry.terraform.io/hashicorp/azurerm\"]",
      "instances": [
        {
          "schema_version": 0,
          "attributes": {
            "id": "/subscriptions/ba741ba7-644a-4fe0-b23f-bf5ea3b62e55/resourceGroups/MBO_RG",
            "location": "polandcentral",
            "name": "MBO_RG",
            "tags": null,
            "timeouts": null
          },
          "sensitive_attributes": [],
          "private": "eyJlMmJmYjczMC1lY2FhLTExZTYtOGY4OC0zNDM2M2JjN2M0YzAiOnsiY3JlYXRlIjo1NDAwMDAwMDAwMDAwLCJkZWxldGUiOjU0MDAwMDAwMDAwMDAsInJlYWQiOjMwMDAwMDAwMDAwMCwidXBkYXRlIjo1NDAwMDAwMDAwMDAwfX0="
        }
      ]
    },
    {
      "mode": "managed",
      "type": "azurerm_virtual_network",
      "name": "vnet",
      "provider": "provider[\"registry.terraform.io/hashicorp/azurerm\"]",
      "instances": [
        {
          "schema_version": 0,
          "attributes": {
            "address_space": [
              "10.0.0.0/24"
            ],
            "bgp_community": "",
            "ddos_protection_plan": [],
            "dns_servers": [],
            "edge_zone": "",
            "flow_timeout_in_minutes": 0,
            "guid": "fff0ceb3-a94d-44ad-8251-120f3990d464",
            "id": "/subscriptions/ba741ba7-644a-4fe0-b23f-bf5ea3b62e55/resourceGroups/MBO_RG/providers/Microsoft.Network/virtualNetworks/myNetwork",
            "location": "polandcentral",
            "name": "myNetwork",
            "resource_group_name": "MBO_RG",
            "subnet": [],
            "tags": {
              "Environment": "Terraform getting started",
              "Team": "DevOps"
            },
            "timeouts": null
          },
          "sensitive_attributes": [],
          "private": "eyJlMmJmYjczMC1lY2FhLTExZTYtOGY4OC0zNDM2M2JjN2M0YzAiOnsiY3JlYXRlIjoxODAwMDAwMDAwMDAwLCJkZWxldGUiOjE4MDAwMDAwMDAwMDAsInJlYWQiOjMwMDAwMDAwMDAwMCwidXBkYXRlIjoxODAwMDAwMDAwMDAwfX0=",
          "dependencies": [
            "azurerm_resource_group.rg"
          ]
        }
      ]
    }
  ],
  "check_results": null
}
