{
  "version": 4,
  "terraform_version": "1.5.7",
  "serial": 101,
  "lineage": "b0e80219-d2b3-a250-89eb-61d9f7bc1924",
  "outputs": {
    "public_ip_address": {
      "value": "20.215.252.185",
      "type": "string"
    }
  },
  "resources": [
    {
      "mode": "managed",
      "type": "azurerm_linux_virtual_machine",
      "name": "dev01vm",
      "provider": "provider[\"registry.terraform.io/hashicorp/azurerm\"]",
      "instances": [
        {
          "schema_version": 0,
          "attributes": {
            "additional_capabilities": [],
            "admin_password": null,
            "admin_ssh_key": [
              {
                "public_key": "ssh-rsa AAAAB3NzaC1yc2EAAAADAQABAAABgQDuYbkgp6g7YoGva0m4XnT3DOLC9Bv0WuSqT+u3vIViTj+I5wWzeOw2VazvobXOhQ6WXJfGV4eFTvDCspVDi7dC3/DakB5niua913v/DClwELqnLh5S2kttaIRMLAtztO/XOkwTpkHByKIU71bKMgC1zz/QhV+jtWQiKgzIi9JaM2KkFkDFP5sl/Wn/W1h6eAKVbky920x/pQKeNwyeykJobDoEdbW9gZhM/Z9GvaNjRkNFLvijXTS4VV3IQjFkDG7n1IiPm8d7mY8g55M+QhL9+cQVnWV5huMBYv75qF0YZ6zQrQLxSfyGTZn2CH/5GukbtbXDznizcx4hxzTUAXsnY/3tV3PRpGGk0E38nonw9IdIH8MXLKQ5D8eDBOGBIbEriylXU0Dw8pmCP9AJA/98Vf8n0p7CwvmvPFwsJ3krGcluu2udS0bIpaD2OZOkoxLiGI6hSS93c92mg0SkEd42hCCmO1/VAIsBAN5yXEiqEO8R4SJRimUNarGIC6crB60= marek@laptop-Marek.lan\n",
                "username": "azureuser"
              }
            ],
            "admin_username": "azureuser",
            "allow_extension_operations": true,
            "availability_set_id": "",
            "boot_diagnostics": [],
            "computer_name": "dev01vm",
            "custom_data": "IyEvYmluL2Jhc2gKc3VkbyBhcHQgdXBkYXRlICYmIHN1ZG8gYXB0IGluc3RhbGwgLXkgbmdpbngK",
            "dedicated_host_group_id": "",
            "dedicated_host_id": "",
            "disable_password_authentication": true,
            "edge_zone": "",
            "encryption_at_host_enabled": false,
            "eviction_policy": "",
            "extensions_time_budget": "PT1H30M",
            "id": "/subscriptions/ba741ba7-644a-4fe0-b23f-bf5ea3b62e55/resourceGroups/tutorial_resource/providers/Microsoft.Compute/virtualMachines/dev01vm",
            "identity": [],
            "license_type": "",
            "location": "polandcentral",
            "max_bid_price": -1,
            "name": "dev01vm",
            "network_interface_ids": [
              "/subscriptions/ba741ba7-644a-4fe0-b23f-bf5ea3b62e55/resourceGroups/tutorial_resource/providers/Microsoft.Network/networkInterfaces/dev01vm-nic"
            ],
            "os_disk": [
              {
                "caching": "ReadWrite",
                "diff_disk_settings": [],
                "disk_encryption_set_id": "",
                "disk_size_gb": 30,
                "name": "dev01vm_OsDisk_1_04dea1ab57864bc5b30ac8c46516b4ff",
                "storage_account_type": "Standard_LRS",
                "write_accelerator_enabled": false
              }
            ],
            "patch_mode": "ImageDefault",
            "plan": [],
            "platform_fault_domain": -1,
            "priority": "Regular",
            "private_ip_address": "10.1.1.4",
            "private_ip_addresses": [
              "10.1.1.4"
            ],
            "provision_vm_agent": true,
            "proximity_placement_group_id": "",
            "public_ip_address": "20.215.252.185",
            "public_ip_addresses": [
              "20.215.252.185"
            ],
            "resource_group_name": "tutorial_resource",
            "secret": [],
            "secure_boot_enabled": false,
            "size": "Standard_B2s",
            "source_image_id": "",
            "source_image_reference": [
              {
                "offer": "0001-com-ubuntu-server-jammy",
                "publisher": "Canonical",
                "sku": "22_04-lts",
                "version": "latest"
              }
            ],
            "tags": {},
            "termination_notification": [],
            "timeouts": null,
            "user_data": "",
            "virtual_machine_id": "c45982f8-1ea8-4d90-8e05-ae67e3b92213",
            "virtual_machine_scale_set_id": "",
            "vtpm_enabled": false,
            "zone": ""
          },
          "sensitive_attributes": [],
          "private": "eyJlMmJmYjczMC1lY2FhLTExZTYtOGY4OC0zNDM2M2JjN2M0YzAiOnsiY3JlYXRlIjoyNzAwMDAwMDAwMDAwLCJkZWxldGUiOjI3MDAwMDAwMDAwMDAsInJlYWQiOjMwMDAwMDAwMDAwMCwidXBkYXRlIjoyNzAwMDAwMDAwMDAwfX0=",
          "dependencies": [
            "azurerm_network_interface.dev01vm_nic",
            "azurerm_public_ip.dev01vm_pub_ip",
            "azurerm_resource_group.tutorial_resource",
            "azurerm_virtual_network.tutorial_vnet"
          ]
        }
      ]
    },
    {
      "mode": "managed",
      "type": "azurerm_network_interface",
      "name": "dev01vm_nic",
      "provider": "provider[\"registry.terraform.io/hashicorp/azurerm\"]",
      "instances": [
        {
          "schema_version": 0,
          "attributes": {
            "applied_dns_servers": [],
            "dns_servers": [],
            "edge_zone": "",
            "enable_accelerated_networking": false,
            "enable_ip_forwarding": false,
            "id": "/subscriptions/ba741ba7-644a-4fe0-b23f-bf5ea3b62e55/resourceGroups/tutorial_resource/providers/Microsoft.Network/networkInterfaces/dev01vm-nic",
            "internal_dns_name_label": "",
            "internal_domain_name_suffix": "1culwglbddouhfo5d14v0olrma.wawx.internal.cloudapp.net",
            "ip_configuration": [
              {
                "gateway_load_balancer_frontend_ip_configuration_id": "",
                "name": "internal",
                "primary": true,
                "private_ip_address": "10.1.1.4",
                "private_ip_address_allocation": "Dynamic",
                "private_ip_address_version": "IPv4",
                "public_ip_address_id": "/subscriptions/ba741ba7-644a-4fe0-b23f-bf5ea3b62e55/resourceGroups/tutorial_resource/providers/Microsoft.Network/publicIPAddresses/dev01vm_ip",
                "subnet_id": "/subscriptions/ba741ba7-644a-4fe0-b23f-bf5ea3b62e55/resourceGroups/tutorial_resource/providers/Microsoft.Network/virtualNetworks/Tutorial_VNET/subnets/dev_subnet"
              }
            ],
            "location": "polandcentral",
            "mac_address": "60-45-BD-CD-AF-8B",
            "name": "dev01vm-nic",
            "private_ip_address": "10.1.1.4",
            "private_ip_addresses": [
              "10.1.1.4"
            ],
            "resource_group_name": "tutorial_resource",
            "tags": {},
            "timeouts": null,
            "virtual_machine_id": "/subscriptions/ba741ba7-644a-4fe0-b23f-bf5ea3b62e55/resourceGroups/tutorial_resource/providers/Microsoft.Compute/virtualMachines/dev01vm"
          },
          "sensitive_attributes": [],
          "private": "eyJlMmJmYjczMC1lY2FhLTExZTYtOGY4OC0zNDM2M2JjN2M0YzAiOnsiY3JlYXRlIjoxODAwMDAwMDAwMDAwLCJkZWxldGUiOjE4MDAwMDAwMDAwMDAsInJlYWQiOjMwMDAwMDAwMDAwMCwidXBkYXRlIjoxODAwMDAwMDAwMDAwfX0=",
          "dependencies": [
            "azurerm_public_ip.dev01vm_pub_ip",
            "azurerm_resource_group.tutorial_resource",
            "azurerm_virtual_network.tutorial_vnet"
          ]
        }
      ]
    },
    {
      "mode": "managed",
      "type": "azurerm_network_interface_security_group_association",
      "name": "nsg_association",
      "provider": "provider[\"registry.terraform.io/hashicorp/azurerm\"]",
      "instances": [
        {
          "schema_version": 0,
          "attributes": {
            "id": "/subscriptions/ba741ba7-644a-4fe0-b23f-bf5ea3b62e55/resourceGroups/tutorial_resource/providers/Microsoft.Network/networkInterfaces/dev01vm-nic|/subscriptions/ba741ba7-644a-4fe0-b23f-bf5ea3b62e55/resourceGroups/tutorial_resource/providers/Microsoft.Network/networkSecurityGroups/dev01vm-nsg",
            "network_interface_id": "/subscriptions/ba741ba7-644a-4fe0-b23f-bf5ea3b62e55/resourceGroups/tutorial_resource/providers/Microsoft.Network/networkInterfaces/dev01vm-nic",
            "network_security_group_id": "/subscriptions/ba741ba7-644a-4fe0-b23f-bf5ea3b62e55/resourceGroups/tutorial_resource/providers/Microsoft.Network/networkSecurityGroups/dev01vm-nsg",
            "timeouts": null
          },
          "sensitive_attributes": [],
          "private": "eyJlMmJmYjczMC1lY2FhLTExZTYtOGY4OC0zNDM2M2JjN2M0YzAiOnsiY3JlYXRlIjoxODAwMDAwMDAwMDAwLCJkZWxldGUiOjE4MDAwMDAwMDAwMDAsInJlYWQiOjMwMDAwMDAwMDAwMCwidXBkYXRlIjoxODAwMDAwMDAwMDAwfX0=",
          "dependencies": [
            "azurerm_network_interface.dev01vm_nic",
            "azurerm_network_security_group.nsg_ssh",
            "azurerm_public_ip.dev01vm_pub_ip",
            "azurerm_resource_group.tutorial_resource",
            "azurerm_virtual_network.tutorial_vnet"
          ]
        }
      ]
    },
    {
      "mode": "managed",
      "type": "azurerm_network_security_group",
      "name": "nsg_ssh",
      "provider": "provider[\"registry.terraform.io/hashicorp/azurerm\"]",
      "instances": [
        {
          "schema_version": 0,
          "attributes": {
            "id": "/subscriptions/ba741ba7-644a-4fe0-b23f-bf5ea3b62e55/resourceGroups/tutorial_resource/providers/Microsoft.Network/networkSecurityGroups/dev01vm-nsg",
            "location": "polandcentral",
            "name": "dev01vm-nsg",
            "resource_group_name": "tutorial_resource",
            "security_rule": [
              {
                "access": "Allow",
                "description": "",
                "destination_address_prefix": "*",
                "destination_address_prefixes": [],
                "destination_application_security_group_ids": [],
                "destination_port_range": "22",
                "destination_port_ranges": [],
                "direction": "Inbound",
                "name": "SSH",
                "priority": 300,
                "protocol": "Tcp",
                "source_address_prefix": "*",
                "source_address_prefixes": [],
                "source_application_security_group_ids": [],
                "source_port_range": "*",
                "source_port_ranges": []
              },
              {
                "access": "Allow",
                "description": "",
                "destination_address_prefix": "*",
                "destination_address_prefixes": [],
                "destination_application_security_group_ids": [],
                "destination_port_range": "80",
                "destination_port_ranges": [],
                "direction": "Inbound",
                "name": "HTTP",
                "priority": 310,
                "protocol": "Tcp",
                "source_address_prefix": "*",
                "source_address_prefixes": [],
                "source_application_security_group_ids": [],
                "source_port_range": "*",
                "source_port_ranges": []
              }
            ],
            "tags": {},
            "timeouts": null
          },
          "sensitive_attributes": [],
          "private": "eyJlMmJmYjczMC1lY2FhLTExZTYtOGY4OC0zNDM2M2JjN2M0YzAiOnsiY3JlYXRlIjoxODAwMDAwMDAwMDAwLCJkZWxldGUiOjE4MDAwMDAwMDAwMDAsInJlYWQiOjMwMDAwMDAwMDAwMCwidXBkYXRlIjoxODAwMDAwMDAwMDAwfX0=",
          "dependencies": [
            "azurerm_resource_group.tutorial_resource"
          ]
        }
      ]
    },
    {
      "mode": "managed",
      "type": "azurerm_public_ip",
      "name": "dev01vm_pub_ip",
      "provider": "provider[\"registry.terraform.io/hashicorp/azurerm\"]",
      "instances": [
        {
          "schema_version": 0,
          "attributes": {
            "allocation_method": "Dynamic",
            "domain_name_label": null,
            "edge_zone": "",
            "fqdn": null,
            "id": "/subscriptions/ba741ba7-644a-4fe0-b23f-bf5ea3b62e55/resourceGroups/tutorial_resource/providers/Microsoft.Network/publicIPAddresses/dev01vm_ip",
            "idle_timeout_in_minutes": 4,
            "ip_address": "20.215.252.185",
            "ip_tags": {},
            "ip_version": "IPv4",
            "location": "polandcentral",
            "name": "dev01vm_ip",
            "public_ip_prefix_id": null,
            "resource_group_name": "tutorial_resource",
            "reverse_fqdn": null,
            "sku": "Basic",
            "sku_tier": "Regional",
            "tags": {},
            "timeouts": null,
            "zones": []
          },
          "sensitive_attributes": [],
          "private": "eyJlMmJmYjczMC1lY2FhLTExZTYtOGY4OC0zNDM2M2JjN2M0YzAiOnsiY3JlYXRlIjoxODAwMDAwMDAwMDAwLCJkZWxldGUiOjE4MDAwMDAwMDAwMDAsInJlYWQiOjMwMDAwMDAwMDAwMCwidXBkYXRlIjoxODAwMDAwMDAwMDAwfX0=",
          "dependencies": [
            "azurerm_resource_group.tutorial_resource"
          ]
        }
      ]
    },
    {
      "mode": "managed",
      "type": "azurerm_resource_group",
      "name": "tutorial_resource",
      "provider": "provider[\"registry.terraform.io/hashicorp/azurerm\"]",
      "instances": [
        {
          "schema_version": 0,
          "attributes": {
            "id": "/subscriptions/ba741ba7-644a-4fe0-b23f-bf5ea3b62e55/resourceGroups/tutorial_resource",
            "location": "polandcentral",
            "name": "tutorial_resource",
            "tags": {
              "environment": "DEV",
              "project": "NewDevHome",
              "team": "Software House"
            },
            "timeouts": null
          },
          "sensitive_attributes": [],
          "private": "eyJlMmJmYjczMC1lY2FhLTExZTYtOGY4OC0zNDM2M2JjN2M0YzAiOnsiY3JlYXRlIjo1NDAwMDAwMDAwMDAwLCJkZWxldGUiOjU0MDAwMDAwMDAwMDAsInJlYWQiOjMwMDAwMDAwMDAwMCwidXBkYXRlIjo1NDAwMDAwMDAwMDAwfX0="
        }
      ]
    },
    {
      "mode": "managed",
      "type": "azurerm_subnet",
      "name": "main_vnet_subnets",
      "provider": "provider[\"registry.terraform.io/hashicorp/azurerm\"]",
      "instances": [
        {
          "index_key": "prd_subnet",
          "schema_version": 0,
          "attributes": {
            "address_prefixes": [
              "10.1.4.0/24"
            ],
            "delegation": [],
            "enforce_private_link_endpoint_network_policies": false,
            "enforce_private_link_service_network_policies": false,
            "id": "/subscriptions/ba741ba7-644a-4fe0-b23f-bf5ea3b62e55/resourceGroups/tutorial_resource/providers/Microsoft.Network/virtualNetworks/Tutorial_VNET/subnets/prd_subnet",
            "name": "prd_subnet",
            "resource_group_name": "tutorial_resource",
            "service_endpoint_policy_ids": [],
            "service_endpoints": [],
            "timeouts": null,
            "virtual_network_name": "Tutorial_VNET"
          },
          "sensitive_attributes": [],
          "private": "eyJlMmJmYjczMC1lY2FhLTExZTYtOGY4OC0zNDM2M2JjN2M0YzAiOnsiY3JlYXRlIjoxODAwMDAwMDAwMDAwLCJkZWxldGUiOjE4MDAwMDAwMDAwMDAsInJlYWQiOjMwMDAwMDAwMDAwMCwidXBkYXRlIjoxODAwMDAwMDAwMDAwfX0=",
          "dependencies": [
            "azurerm_resource_group.tutorial_resource",
            "azurerm_virtual_network.tutorial_vnet"
          ]
        },
        {
          "index_key": "uat_subnet",
          "schema_version": 0,
          "attributes": {
            "address_prefixes": [
              "10.1.3.0/24"
            ],
            "delegation": [],
            "enforce_private_link_endpoint_network_policies": false,
            "enforce_private_link_service_network_policies": false,
            "id": "/subscriptions/ba741ba7-644a-4fe0-b23f-bf5ea3b62e55/resourceGroups/tutorial_resource/providers/Microsoft.Network/virtualNetworks/Tutorial_VNET/subnets/uat_subnet",
            "name": "uat_subnet",
            "resource_group_name": "tutorial_resource",
            "service_endpoint_policy_ids": [],
            "service_endpoints": [],
            "timeouts": null,
            "virtual_network_name": "Tutorial_VNET"
          },
          "sensitive_attributes": [],
          "private": "eyJlMmJmYjczMC1lY2FhLTExZTYtOGY4OC0zNDM2M2JjN2M0YzAiOnsiY3JlYXRlIjoxODAwMDAwMDAwMDAwLCJkZWxldGUiOjE4MDAwMDAwMDAwMDAsInJlYWQiOjMwMDAwMDAwMDAwMCwidXBkYXRlIjoxODAwMDAwMDAwMDAwfX0=",
          "dependencies": [
            "azurerm_resource_group.tutorial_resource",
            "azurerm_virtual_network.tutorial_vnet"
          ]
        }
      ]
    },
    {
      "mode": "managed",
      "type": "azurerm_virtual_network",
      "name": "tutorial_vnet",
      "provider": "provider[\"registry.terraform.io/hashicorp/azurerm\"]",
      "instances": [
        {
          "schema_version": 0,
          "attributes": {
            "address_space": [
              "10.1.0.0/16"
            ],
            "bgp_community": "",
            "ddos_protection_plan": [],
            "dns_servers": [],
            "edge_zone": "",
            "flow_timeout_in_minutes": 0,
            "guid": "19bba8d8-1861-43dd-95df-1efd5d397160",
            "id": "/subscriptions/ba741ba7-644a-4fe0-b23f-bf5ea3b62e55/resourceGroups/tutorial_resource/providers/Microsoft.Network/virtualNetworks/Tutorial_VNET",
            "location": "polandcentral",
            "name": "Tutorial_VNET",
            "resource_group_name": "tutorial_resource",
            "subnet": [
              {
                "address_prefix": "10.1.1.0/24",
                "id": "/subscriptions/ba741ba7-644a-4fe0-b23f-bf5ea3b62e55/resourceGroups/tutorial_resource/providers/Microsoft.Network/virtualNetworks/Tutorial_VNET/subnets/dev_subnet",
                "name": "dev_subnet",
                "security_group": null
              },
              {
                "address_prefix": "10.1.2.0/24",
                "id": "/subscriptions/ba741ba7-644a-4fe0-b23f-bf5ea3b62e55/resourceGroups/tutorial_resource/providers/Microsoft.Network/virtualNetworks/Tutorial_VNET/subnets/tst_subnet",
                "name": "tst_subnet",
                "security_group": null
              }
            ],
            "tags": {},
            "timeouts": null
          },
          "sensitive_attributes": [],
          "private": "eyJlMmJmYjczMC1lY2FhLTExZTYtOGY4OC0zNDM2M2JjN2M0YzAiOnsiY3JlYXRlIjoxODAwMDAwMDAwMDAwLCJkZWxldGUiOjE4MDAwMDAwMDAwMDAsInJlYWQiOjMwMDAwMDAwMDAwMCwidXBkYXRlIjoxODAwMDAwMDAwMDAwfX0=",
          "dependencies": [
            "azurerm_resource_group.tutorial_resource"
          ]
        }
      ]
    }
  ],
  "check_results": null
}
